
Microsoft Visual Studio Solution File, Format Version 12.00
# Visual Studio 15
VisualStudioVersion = 15.0.28010.2026
MinimumVisualStudioVersion = 10.0.40219.1
Project("{FAE04EC0-301F-11D3-BF4B-00C04F79EFBC}") = "cs-go-wallhack", "cs-go-wallhack\cs-go-wallhack.csproj", "{9FFAB151-62D1-43A6-B7F3-B9F4698DC88B}"
EndProject
Global
	GlobalSection(SolutionConfigurationPlatforms) = preSolution
		Debug|Any CPU = Debug|Any CPU
		Release|Any CPU = Release|Any CPU
	EndGlobalSection
	GlobalSection(ProjectConfigurationPlatforms) = postSolution
		{9FFAB151-62D1-43A6-B7F3-B9F4698DC88B}.Debug|Any CPU.ActiveCfg = Debug|Any CPU
		{9FFAB151-62D1-43A6-B7F3-B9F4698DC88B}.Debug|Any CPU.Build.0 = Debug|Any CPU
		{9FFAB151-62D1-43A6-B7F3-B9F4698DC88B}.Release|Any CPU.ActiveCfg = Release|Any CPU
		{9FFAB151-62D1-43A6-B7F3-B9F4698DC88B}.Release|Any CPU.Build.0 = Release|Any CPU
	EndGlobalSection
	GlobalSection(SolutionProperties) = preSolution
		HideSolutionNode = FALSE
	EndGlobalSection
	GlobalSection(ExtensibilityGlobals) = postSolution
		SolutionGuid = {5A5A28C9-3B37-4DEA-9681-879F761ED57F}
	EndGlobalSection
EndGlobal
